
Microsoft Visual Studio Solution File, Format Version 12.00
# Visual Studio Version 17
VisualStudioVersion = 17.4.33110.190
MinimumVisualStudioVersion = 10.0.40219.1
Project("{FAE04EC0-301F-11D3-BF4B-00C04F79EFBC}") = "lab23", "lab23.csproj", "{57CB5BE8-5854-44D0-9438-BE058E0B02CC}"
EndProject
Global
	GlobalSection(SolutionConfigurationPlatforms) = preSolution
		Debug|Any CPU = Debug|Any CPU
		Release|Any CPU = Release|Any CPU
	EndGlobalSection
	GlobalSection(ProjectConfigurationPlatforms) = postSolution
		{57CB5BE8-5854-44D0-9438-BE058E0B02CC}.Debug|Any CPU.ActiveCfg = Debug|Any CPU
		{57CB5BE8-5854-44D0-9438-BE058E0B02CC}.Debug|Any CPU.Build.0 = Debug|Any CPU
		{57CB5BE8-5854-44D0-9438-BE058E0B02CC}.Release|Any CPU.ActiveCfg = Release|Any CPU
		{57CB5BE8-5854-44D0-9438-BE058E0B02CC}.Release|Any CPU.Build.0 = Release|Any CPU
	EndGlobalSection
	GlobalSection(SolutionProperties) = preSolution
		HideSolutionNode = FALSE
	EndGlobalSection
	GlobalSection(ExtensibilityGlobals) = postSolution
		SolutionGuid = {100DF210-7B35-4552-ADE8-3AA99B6A1866}
	EndGlobalSection
EndGlobal
